// !$*UTF8*$!
{
	archiveVersion = 1;
	classes = {
	};
	objectVersion = 55;
	objects = {

/* Begin PBXBuildFile section */
		967A50D92993DC87001B4157 /* main.swift in Sources */ = {isa = PBXBuildFile; fileRef = 967A50D82993DC87001B4157 /* main.swift */; };
		967A50E32993E450001B4157 /* Stack.swift in Sources */ = {isa = PBXBuildFile; fileRef = 967A50E22993E450001B4157 /* Stack.swift */; };
		96858C772993E5ED00E1F480 /* Queue.swift in Sources */ = {isa = PBXBuildFile; fileRef = 96858C762993E5ED00E1F480 /* Queue.swift */; };
		96D9C42029A658AD00089E21 /* treeString.swift in Sources */ = {isa = PBXBuildFile; fileRef = 96D9C41D29A658AD00089E21 /* treeString.swift */; };
		96D9C42129A658AD00089E21 /* TreeNode.swift in Sources */ = {isa = PBXBuildFile; fileRef = 96D9C41E29A658AD00089E21 /* TreeNode.swift */; };
		96D9C42229A658AD00089E21 /* BinaryTree.swift in Sources */ = {isa = PBXBuildFile; fileRef = 96D9C41F29A658AD00089E21 /* BinaryTree.swift */; };
/* End PBXBuildFile section */

/* Begin PBXCopyFilesBuildPhase section */
		967A50D32993DC87001B4157 /* CopyFiles */ = {
			isa = PBXCopyFilesBuildPhase;
			buildActionMask = 2147483647;
			dstPath = /usr/share/man/man1/;
			dstSubfolderSpec = 0;
			files = (
			);
			runOnlyForDeploymentPostprocessing = 1;
		};
/* End PBXCopyFilesBuildPhase section */

/* Begin PBXFileReference section */
		967A50D52993DC87001B4157 /* Data-Structure */ = {isa = PBXFileReference; explicitFileType = "compiled.mach-o.executable"; includeInIndex = 0; path = "Data-Structure"; sourceTree = BUILT_PRODUCTS_DIR; };
		967A50D82993DC87001B4157 /* main.swift */ = {isa = PBXFileReference; lastKnownFileType = sourcecode.swift; path = main.swift; sourceTree = "<group>"; };
		967A50E22993E450001B4157 /* Stack.swift */ = {isa = PBXFileReference; lastKnownFileType = sourcecode.swift; path = Stack.swift; sourceTree = "<group>"; };
		96858C762993E5ED00E1F480 /* Queue.swift */ = {isa = PBXFileReference; lastKnownFileType = sourcecode.swift; path = Queue.swift; sourceTree = "<group>"; };
		96D9C41D29A658AD00089E21 /* treeString.swift */ = {isa = PBXFileReference; fileEncoding = 4; lastKnownFileType = sourcecode.swift; path = treeString.swift; sourceTree = "<group>"; };
		96D9C41E29A658AD00089E21 /* TreeNode.swift */ = {isa = PBXFileReference; fileEncoding = 4; lastKnownFileType = sourcecode.swift; path = TreeNode.swift; sourceTree = "<group>"; };
		96D9C41F29A658AD00089E21 /* BinaryTree.swift */ = {isa = PBXFileReference; fileEncoding = 4; lastKnownFileType = sourcecode.swift; path = BinaryTree.swift; sourceTree = "<group>"; };
/* End PBXFileReference section */

/* Begin PBXFrameworksBuildPhase section */
		967A50D22993DC87001B4157 /* Frameworks */ = {
			isa = PBXFrameworksBuildPhase;
			buildActionMask = 2147483647;
			files = (
			);
			runOnlyForDeploymentPostprocessing = 0;
		};
/* End PBXFrameworksBuildPhase section */

/* Begin PBXGroup section */
		967A50CC2993DC87001B4157 = {
			isa = PBXGroup;
			children = (
				967A50D72993DC87001B4157 /* Data-Structure */,
				967A50D62993DC87001B4157 /* Products */,
			);
			sourceTree = "<group>";
		};
		967A50D62993DC87001B4157 /* Products */ = {
			isa = PBXGroup;
			children = (
				967A50D52993DC87001B4157 /* Data-Structure */,
			);
			name = Products;
			sourceTree = "<group>";
		};
		967A50D72993DC87001B4157 /* Data-Structure */ = {
			isa = PBXGroup;
			children = (
				96D9C41C29A658AD00089E21 /* Tree */,
				96858C752993E5C300E1F480 /* Queue */,
				967A50E12993E445001B4157 /* Stack */,
				967A50D82993DC87001B4157 /* main.swift */,
			);
			path = "Data-Structure";
			sourceTree = "<group>";
		};
		967A50E12993E445001B4157 /* Stack */ = {
			isa = PBXGroup;
			children = (
				967A50E22993E450001B4157 /* Stack.swift */,
			);
			path = Stack;
			sourceTree = "<group>";
		};
		96858C752993E5C300E1F480 /* Queue */ = {
			isa = PBXGroup;
			children = (
				96858C762993E5ED00E1F480 /* Queue.swift */,
			);
			path = Queue;
			sourceTree = "<group>";
		};
		96D9C41C29A658AD00089E21 /* Tree */ = {
			isa = PBXGroup;
			children = (
				96D9C41D29A658AD00089E21 /* treeString.swift */,
				96D9C41E29A658AD00089E21 /* TreeNode.swift */,
				96D9C41F29A658AD00089E21 /* BinaryTree.swift */,
			);
			path = Tree;
			sourceTree = "<group>";
		};
/* End PBXGroup section */

/* Begin PBXNativeTarget section */
		967A50D42993DC87001B4157 /* Data-Structure */ = {
			isa = PBXNativeTarget;
			buildConfigurationList = 967A50DC2993DC87001B4157 /* Build configuration list for PBXNativeTarget "Data-Structure" */;
			buildPhases = (
				967A50D12993DC87001B4157 /* Sources */,
				967A50D22993DC87001B4157 /* Frameworks */,
				967A50D32993DC87001B4157 /* CopyFiles */,
			);
			buildRules = (
			);
			dependencies = (
			);
			name = "Data-Structure";
			productName = "Data-Structure";
			productReference = 967A50D52993DC87001B4157 /* Data-Structure */;
			productType = "com.apple.product-type.tool";
		};
/* End PBXNativeTarget section */

/* Begin PBXProject section */
		967A50CD2993DC87001B4157 /* Project object */ = {
			isa = PBXProject;
			attributes = {
				BuildIndependentTargetsInParallel = 1;
				LastSwiftUpdateCheck = 1320;
				LastUpgradeCheck = 1320;
				TargetAttributes = {
					967A50D42993DC87001B4157 = {
						CreatedOnToolsVersion = 13.2.1;
					};
				};
			};
			buildConfigurationList = 967A50D02993DC87001B4157 /* Build configuration list for PBXProject "Data-Structure" */;
			compatibilityVersion = "Xcode 13.0";
			developmentRegion = en;
			hasScannedForEncodings = 0;
			knownRegions = (
				en,
				Base,
			);
			mainGroup = 967A50CC2993DC87001B4157;
			productRefGroup = 967A50D62993DC87001B4157 /* Products */;
			projectDirPath = "";
			projectRoot = "";
			targets = (
				967A50D42993DC87001B4157 /* Data-Structure */,
			);
		};
/* End PBXProject section */

/* Begin PBXSourcesBuildPhase section */
		967A50D12993DC87001B4157 /* Sources */ = {
			isa = PBXSourcesBuildPhase;
			buildActionMask = 2147483647;
			files = (
				967A50E32993E450001B4157 /* Stack.swift in Sources */,
				96858C772993E5ED00E1F480 /* Queue.swift in Sources */,
				96D9C42229A658AD00089E21 /* BinaryTree.swift in Sources */,
				96D9C42029A658AD00089E21 /* treeString.swift in Sources */,
				96D9C42129A658AD00089E21 /* TreeNode.swift in Sources */,
				967A50D92993DC87001B4157 /* main.swift in Sources */,
			);
			runOnlyForDeploymentPostprocessing = 0;
		};
/* End PBXSourcesBuildPhase section */

/* Begin XCBuildConfiguration section */
		967A50DA2993DC87001B4157 /* Debug */ = {
			isa = XCBuildConfiguration;
			buildSettings = {
				ALWAYS_SEARCH_USER_PATHS = NO;
				CLANG_ANALYZER_NONNULL = YES;
				CLANG_ANALYZER_NUMBER_OBJECT_CONVERSION = YES_AGGRESSIVE;
				CLANG_CXX_LANGUAGE_STANDARD = "gnu++17";
				CLANG_CXX_LIBRARY = "libc++";
				CLANG_ENABLE_MODULES = YES;
				CLANG_ENABLE_OBJC_ARC = YES;
				CLANG_ENABLE_OBJC_WEAK = YES;
				CLANG_WARN_BLOCK_CAPTURE_AUTORELEASING = YES;
				CLANG_WARN_BOOL_CONVERSION = YES;
				CLANG_WARN_COMMA = YES;
				CLANG_WARN_CONSTANT_CONVERSION = YES;
				CLANG_WARN_DEPRECATED_OBJC_IMPLEMENTATIONS = YES;
				CLANG_WARN_DIRECT_OBJC_ISA_USAGE = YES_ERROR;
				CLANG_WARN_DOCUMENTATION_COMMENTS = YES;
				CLANG_WARN_EMPTY_BODY = YES;
				CLANG_WARN_ENUM_CONVERSION = YES;
				CLANG_WARN_INFINITE_RECURSION = YES;
				CLANG_WARN_INT_CONVERSION = YES;
				CLANG_WARN_NON_LITERAL_NULL_CONVERSION = YES;
				CLANG_WARN_OBJC_IMPLICIT_RETAIN_SELF = YES;
				CLANG_WARN_OBJC_LITERAL_CONVERSION = YES;
				CLANG_WARN_OBJC_ROOT_CLASS = YES_ERROR;
				CLANG_WARN_QUOTED_INCLUDE_IN_FRAMEWORK_HEADER = YES;
				CLANG_WARN_RANGE_LOOP_ANALYSIS = YES;
				CLANG_WARN_STRICT_PROTOTYPES = YES;
				CLANG_WARN_SUSPICIOUS_MOVE = YES;
				CLANG_WARN_UNGUARDED_AVAILABILITY = YES_AGGRESSIVE;
				CLANG_WARN_UNREACHABLE_CODE = YES;
				CLANG_WARN__DUPLICATE_METHOD_MATCH = YES;
				COPY_PHASE_STRIP = NO;
				DEBUG_INFORMATION_FORMAT = dwarf;
				ENABLE_STRICT_OBJC_MSGSEND = YES;
				ENABLE_TESTABILITY = YES;
				GCC_C_LANGUAGE_STANDARD = gnu11;
				GCC_DYNAMIC_NO_PIC = NO;
				GCC_NO_COMMON_BLOCKS = YES;
				GCC_OPTIMIZATION_LEVEL = 0;
				GCC_PREPROCESSOR_DEFINITIONS = (
					"DEBUG=1",
					"$(inherited)",
				);
				GCC_WARN_64_TO_32_BIT_CONVERSION = YES;
				GCC_WARN_ABOUT_RETURN_TYPE = YES_ERROR;
				GCC_WARN_UNDECLARED_SELECTOR = YES;
				GCC_WARN_UNINITIALIZED_AUTOS = YES_AGGRESSIVE;
				GCC_WARN_UNUSED_FUNCTION = YES;
				GCC_WARN_UNUSED_VARIABLE = YES;
				MACOSX_DEPLOYMENT_TARGET = 11.7;
				MTL_ENABLE_DEBUG_INFO = INCLUDE_SOURCE;
				MTL_FAST_MATH = YES;
				ONLY_ACTIVE_ARCH = YES;
				SDKROOT = macosx;
				SWIFT_ACTIVE_COMPILATION_CONDITIONS = DEBUG;
				SWIFT_OPTIMIZATION_LEVEL = "-Onone";
			};
			name = Debug;
		};
		967A50DB2993DC87001B4157 /* Release */ = {
			isa = XCBuildConfiguration;
			buildSettings = {
				ALWAYS_SEARCH_USER_PATHS = NO;
				CLANG_ANALYZER_NONNULL = YES;
				CLANG_ANALYZER_NUMBER_OBJECT_CONVERSION = YES_AGGRESSIVE;
				CLANG_CXX_LANGUAGE_STANDARD = "gnu++17";
				CLANG_CXX_LIBRARY = "libc++";
				CLANG_ENABLE_MODULES = YES;
				CLANG_ENABLE_OBJC_ARC = YES;
				CLANG_ENABLE_OBJC_WEAK = YES;
				CLANG_WARN_BLOCK_CAPTURE_AUTORELEASING = YES;
				CLANG_WARN_BOOL_CONVERSION = YES;
				CLANG_WARN_COMMA = YES;
				CLANG_WARN_CONSTANT_CONVERSION = YES;
				CLANG_WARN_DEPRECATED_OBJC_IMPLEMENTATIONS = YES;
				CLANG_WARN_DIRECT_OBJC_ISA_USAGE = YES_ERROR;
				CLANG_WARN_DOCUMENTATION_COMMENTS = YES;
				CLANG_WARN_EMPTY_BODY = YES;
				CLANG_WARN_ENUM_CONVERSION = YES;
				CLANG_WARN_INFINITE_RECURSION = YES;
				CLANG_WARN_INT_CONVERSION = YES;
				CLANG_WARN_NON_LITERAL_NULL_CONVERSION = YES;
				CLANG_WARN_OBJC_IMPLICIT_RETAIN_SELF = YES;
				CLANG_WARN_OBJC_LITERAL_CONVERSION = YES;
				CLANG_WARN_OBJC_ROOT_CLASS = YES_ERROR;
				CLANG_WARN_QUOTED_INCLUDE_IN_FRAMEWORK_HEADER = YES;
				CLANG_WARN_RANGE_LOOP_ANALYSIS = YES;
				CLANG_WARN_STRICT_PROTOTYPES = YES;
				CLANG_WARN_SUSPICIOUS_MOVE = YES;
				CLANG_WARN_UNGUARDED_AVAILABILITY = YES_AGGRESSIVE;
				CLANG_WARN_UNREACHABLE_CODE = YES;
				CLANG_WARN__DUPLICATE_METHOD_MATCH = YES;
				COPY_PHASE_STRIP = NO;
				DEBUG_INFORMATION_FORMAT = "dwarf-with-dsym";
				ENABLE_NS_ASSERTIONS = NO;
				ENABLE_STRICT_OBJC_MSGSEND = YES;
				GCC_C_LANGUAGE_STANDARD = gnu11;
				GCC_NO_COMMON_BLOCKS = YES;
				GCC_WARN_64_TO_32_BIT_CONVERSION = YES;
				GCC_WARN_ABOUT_RETURN_TYPE = YES_ERROR;
				GCC_WARN_UNDECLARED_SELECTOR = YES;
				GCC_WARN_UNINITIALIZED_AUTOS = YES_AGGRESSIVE;
				GCC_WARN_UNUSED_FUNCTION = YES;
				GCC_WARN_UNUSED_VARIABLE = YES;
				MACOSX_DEPLOYMENT_TARGET = 11.7;
				MTL_ENABLE_DEBUG_INFO = NO;
				MTL_FAST_MATH = YES;
				SDKROOT = macosx;
				SWIFT_COMPILATION_MODE = wholemodule;
				SWIFT_OPTIMIZATION_LEVEL = "-O";
			};
			name = Release;
		};
		967A50DD2993DC87001B4157 /* Debug */ = {
			isa = XCBuildConfiguration;
			buildSettings = {
				CODE_SIGN_STYLE = Automatic;
				DEVELOPMENT_TEAM = M79928L8PF;
				ENABLE_HARDENED_RUNTIME = YES;
				PRODUCT_NAME = "$(TARGET_NAME)";
				SWIFT_VERSION = 5.0;
			};
			name = Debug;
		};
		967A50DE2993DC87001B4157 /* Release */ = {
			isa = XCBuildConfiguration;
			buildSettings = {
				CODE_SIGN_STYLE = Automatic;
				DEVELOPMENT_TEAM = M79928L8PF;
				ENABLE_HARDENED_RUNTIME = YES;
				PRODUCT_NAME = "$(TARGET_NAME)";
				SWIFT_VERSION = 5.0;
			};
			name = Release;
		};
/* End XCBuildConfiguration section */

/* Begin XCConfigurationList section */
		967A50D02993DC87001B4157 /* Build configuration list for PBXProject "Data-Structure" */ = {
			isa = XCConfigurationList;
			buildConfigurations = (
				967A50DA2993DC87001B4157 /* Debug */,
				967A50DB2993DC87001B4157 /* Release */,
			);
			defaultConfigurationIsVisible = 0;
			defaultConfigurationName = Release;
		};
		967A50DC2993DC87001B4157 /* Build configuration list for PBXNativeTarget "Data-Structure" */ = {
			isa = XCConfigurationList;
			buildConfigurations = (
				967A50DD2993DC87001B4157 /* Debug */,
				967A50DE2993DC87001B4157 /* Release */,
			);
			defaultConfigurationIsVisible = 0;
			defaultConfigurationName = Release;
		};
/* End XCConfigurationList section */
	};
	rootObject = 967A50CD2993DC87001B4157 /* Project object */;
}
